# This file is automatically @generated by Wally.
# It is not intended for manual editing.
registry = "test"

[[package]]
name = "evaera/promise"
version = "4.0.0"
dependencies = []

[[package]]
name = "nezuo/data-store-service-mock"
version = "0.3.7"
dependencies = []

[[package]]
name = "nezuo/lapis"
version = "0.3.2"
dependencies = [["Promise", "evaera/promise@4.0.0"], ["DataStoreServiceMock", "nezuo/data-store-service-mock@0.3.7"], ["Midori", "nezuo/midori@0.1.4"]]

[[package]]
name = "nezuo/midori"
version = "0.1.4"
dependencies = []
