# This file is automatically @generated by Wally.
# It is not intended for manual editing.
registry = "test"

[[package]]
name = "evaera/promise"
version = "4.0.0"
dependencies = []

[[package]]
name = "nezuo/data-store-service-mock"
version = "0.2.4"
dependencies = []

[[package]]
name = "nezuo/lapis"
version = "0.1.5-beta"
dependencies = [["Promise", "evaera/promise@4.0.0"], ["TestEZ", "roblox/testez@0.4.1"]]

[[package]]
name = "roblox/testez"
version = "0.4.1"
dependencies = []
