# This file is automatically @generated by Wally.
# It is not intended for manual editing.
registry = "test"

[[package]]
name = "csqrl/sift"
version = "0.0.8"
dependencies = []

[[package]]
name = "evaera/promise"
version = "4.0.0"
dependencies = []

[[package]]
name = "lapis/developer-product-example-tests"
version = "0.1.0"
dependencies = [["Midori", "nezuo/midori@0.1.3"], ["Promise", "evaera/promise@4.0.0"], ["Sift", "csqrl/sift@0.0.8"], ["t", "osyrisrblx/t@3.1.1"], ["DataStoreServiceMock", "nezuo/data-store-service-mock@0.3.5"]]

[[package]]
name = "nezuo/data-store-service-mock"
version = "0.3.5"
dependencies = []

[[package]]
name = "nezuo/midori"
version = "0.1.3"
dependencies = []

[[package]]
name = "osyrisrblx/t"
version = "3.1.1"
dependencies = []
