# This file is automatically @generated by Wally.
# It is not intended for manual editing.
registry = "test"

[[package]]
name = "csqrl/sift"
version = "0.0.8"
dependencies = []

[[package]]
name = "evaera/promise"
version = "4.0.0"
dependencies = []

[[package]]
name = "lapis/developer-product-example"
version = "0.1.0"
dependencies = [["Promise", "evaera/promise@4.0.0"], ["Sift", "csqrl/sift@0.0.8"], ["t", "osyrisrblx/t@3.1.1"]]

[[package]]
name = "osyrisrblx/t"
version = "3.1.1"
dependencies = []
